
Microsoft Visual Studio Solution File, Format Version 12.00
# Visual Studio Version 17
VisualStudioVersion = 17.8.34525.116
MinimumVisualStudioVersion = 10.0.40219.1
Project("{FAE04EC0-301F-11D3-BF4B-00C04F79EFBC}") = "Generics-HomeTask", "Generics-HomeTask\Generics-HomeTask.csproj", "{75E39DE8-A010-42EF-912B-45A99EE7F47F}"
EndProject
Global
	GlobalSection(SolutionConfigurationPlatforms) = preSolution
		Debug|Any CPU = Debug|Any CPU
		Release|Any CPU = Release|Any CPU
	EndGlobalSection
	GlobalSection(ProjectConfigurationPlatforms) = postSolution
		{75E39DE8-A010-42EF-912B-45A99EE7F47F}.Debug|Any CPU.ActiveCfg = Debug|Any CPU
		{75E39DE8-A010-42EF-912B-45A99EE7F47F}.Debug|Any CPU.Build.0 = Debug|Any CPU
		{75E39DE8-A010-42EF-912B-45A99EE7F47F}.Release|Any CPU.ActiveCfg = Release|Any CPU
		{75E39DE8-A010-42EF-912B-45A99EE7F47F}.Release|Any CPU.Build.0 = Release|Any CPU
	EndGlobalSection
	GlobalSection(SolutionProperties) = preSolution
		HideSolutionNode = FALSE
	EndGlobalSection
	GlobalSection(ExtensibilityGlobals) = postSolution
		SolutionGuid = {CFA6C610-F311-4732-99E2-716BDB5144FE}
	EndGlobalSection
EndGlobal
